// !$*UTF8*$!
{
	archiveVersion = 1;
	classes = {
	};
	objectVersion = 46;
	objects = {

/* Begin PBXBuildFile section */
		2211827C1AC8CD3D00724FC6 /* StoreListViewController.m in Sources */ = {isa = PBXBuildFile; fileRef = 2211827B1AC8CD3D00724FC6 /* StoreListViewController.m */; };
		2211827F1AC8D73B00724FC6 /* AddStoreViewController.m in Sources */ = {isa = PBXBuildFile; fileRef = 2211827E1AC8D73B00724FC6 /* AddStoreViewController.m */; };
		221182821AC8E33800724FC6 /* EditStoreViewController.m in Sources */ = {isa = PBXBuildFile; fileRef = 221182811AC8E33800724FC6 /* EditStoreViewController.m */; };
		225888221ACE3C620092BAE7 /* CheckedGroceryItem.m in Sources */ = {isa = PBXBuildFile; fileRef = 225888211ACE3C620092BAE7 /* CheckedGroceryItem.m */; };
		225C40091ACA3D920010F4B5 /* TripList.m in Sources */ = {isa = PBXBuildFile; fileRef = 225C40081ACA3D920010F4B5 /* TripList.m */; };
		226D4D701AE6C19D007E30D8 /* Bolts.framework in Frameworks */ = {isa = PBXBuildFile; fileRef = 226D4D6F1AE6C19D007E30D8 /* Bolts.framework */; };
		226D4D721AE6C76B007E30D8 /* Parse.framework in Frameworks */ = {isa = PBXBuildFile; fileRef = 226D4D711AE6C76B007E30D8 /* Parse.framework */; };
		226D4D741AE6C778007E30D8 /* ParseCrashReporting.framework in Frameworks */ = {isa = PBXBuildFile; fileRef = 226D4D731AE6C778007E30D8 /* ParseCrashReporting.framework */; };
		226D4D761AE6C780007E30D8 /* ParseFacebookUtils.framework in Frameworks */ = {isa = PBXBuildFile; fileRef = 226D4D751AE6C780007E30D8 /* ParseFacebookUtils.framework */; };
		226D4D781AE6C789007E30D8 /* ParseFacebookUtilsV4.framework in Frameworks */ = {isa = PBXBuildFile; fileRef = 226D4D771AE6C789007E30D8 /* ParseFacebookUtilsV4.framework */; };
		226D4D7A1AE6C790007E30D8 /* ParseUI.framework in Frameworks */ = {isa = PBXBuildFile; fileRef = 226D4D791AE6C790007E30D8 /* ParseUI.framework */; };
		226D4D7C1AE6CCE2007E30D8 /* AudioToolbox.framework in Frameworks */ = {isa = PBXBuildFile; fileRef = 226D4D7B1AE6CCE2007E30D8 /* AudioToolbox.framework */; };
		226D4D7E1AE6CCEE007E30D8 /* CFNetwork.framework in Frameworks */ = {isa = PBXBuildFile; fileRef = 226D4D7D1AE6CCEE007E30D8 /* CFNetwork.framework */; };
		226D4D801AE6CCFC007E30D8 /* CoreGraphics.framework in Frameworks */ = {isa = PBXBuildFile; fileRef = 226D4D7F1AE6CCFC007E30D8 /* CoreGraphics.framework */; };
		226D4D821AE6CD06007E30D8 /* MobileCoreServices.framework in Frameworks */ = {isa = PBXBuildFile; fileRef = 226D4D811AE6CD06007E30D8 /* MobileCoreServices.framework */; };
		226D4D841AE6CD13007E30D8 /* QuartzCore.framework in Frameworks */ = {isa = PBXBuildFile; fileRef = 226D4D831AE6CD13007E30D8 /* QuartzCore.framework */; };
		226D4D861AE6CD18007E30D8 /* Security.framework in Frameworks */ = {isa = PBXBuildFile; fileRef = 226D4D851AE6CD18007E30D8 /* Security.framework */; };
		226D4D881AE6CD27007E30D8 /* StoreKit.framework in Frameworks */ = {isa = PBXBuildFile; fileRef = 226D4D871AE6CD27007E30D8 /* StoreKit.framework */; };
		226D4D8A1AE6CD2E007E30D8 /* SystemConfiguration.framework in Frameworks */ = {isa = PBXBuildFile; fileRef = 226D4D891AE6CD2E007E30D8 /* SystemConfiguration.framework */; };
		226D4D8C1AE6CD40007E30D8 /* libz.dylib in Frameworks */ = {isa = PBXBuildFile; fileRef = 226D4D8B1AE6CD40007E30D8 /* libz.dylib */; };
		226D4D8E1AE6CD4E007E30D8 /* libsqlite3.dylib in Frameworks */ = {isa = PBXBuildFile; fileRef = 226D4D8D1AE6CD4E007E30D8 /* libsqlite3.dylib */; };
		22992BB11AC90851009DD826 /* Trip.m in Sources */ = {isa = PBXBuildFile; fileRef = 22992BB01AC90851009DD826 /* Trip.m */; };
		22992BB31AC91EDC009DD826 /* CoreLocation.framework in Frameworks */ = {isa = PBXBuildFile; fileRef = 22992BB21AC91EDC009DD826 /* CoreLocation.framework */; };
		22CE7C791ACBB616003B5650 /* CustomCell.m in Sources */ = {isa = PBXBuildFile; fileRef = 22CE7C781ACBB616003B5650 /* CustomCell.m */; };
		22DC852A1AC1E6D200EE955F /* main.m in Sources */ = {isa = PBXBuildFile; fileRef = 22DC85291AC1E6D200EE955F /* main.m */; };
		22DC852D1AC1E6D200EE955F /* AppDelegate.m in Sources */ = {isa = PBXBuildFile; fileRef = 22DC852C1AC1E6D200EE955F /* AppDelegate.m */; };
		22DC85301AC1E6D200EE955F /* TripListViewController.m in Sources */ = {isa = PBXBuildFile; fileRef = 22DC852F1AC1E6D200EE955F /* TripListViewController.m */; };
		22DC85331AC1E6D200EE955F /* Main.storyboard in Resources */ = {isa = PBXBuildFile; fileRef = 22DC85311AC1E6D200EE955F /* Main.storyboard */; };
		22DC85351AC1E6D200EE955F /* Images.xcassets in Resources */ = {isa = PBXBuildFile; fileRef = 22DC85341AC1E6D200EE955F /* Images.xcassets */; };
		22DC85381AC1E6D200EE955F /* LaunchScreen.xib in Resources */ = {isa = PBXBuildFile; fileRef = 22DC85361AC1E6D200EE955F /* LaunchScreen.xib */; };
		22DC85441AC1E6D200EE955F /* TripListP1Tests.m in Sources */ = {isa = PBXBuildFile; fileRef = 22DC85431AC1E6D200EE955F /* TripListP1Tests.m */; };
		22FEFBC21AC4A9A2007A6ED5 /* AddTripViewController.m in Sources */ = {isa = PBXBuildFile; fileRef = 22FEFBC11AC4A9A2007A6ED5 /* AddTripViewController.m */; };
		91411C0B1AE7FA1C00517431 /* boxes128.png in Resources */ = {isa = PBXBuildFile; fileRef = 91411BE81AE7FA1C00517431 /* boxes128.png */; };
		91411C0C1AE7FA1C00517431 /* boxes256.png in Resources */ = {isa = PBXBuildFile; fileRef = 91411BE91AE7FA1C00517431 /* boxes256.png */; };
		91411C0D1AE7FA1C00517431 /* boxes64.png in Resources */ = {isa = PBXBuildFile; fileRef = 91411BEA1AE7FA1C00517431 /* boxes64.png */; };
		91411C0E1AE7FA1C00517431 /* breads128.png in Resources */ = {isa = PBXBuildFile; fileRef = 91411BEB1AE7FA1C00517431 /* breads128.png */; };
		91411C0F1AE7FA1C00517431 /* breads256.png in Resources */ = {isa = PBXBuildFile; fileRef = 91411BEC1AE7FA1C00517431 /* breads256.png */; };
		91411C101AE7FA1C00517431 /* breads64.png in Resources */ = {isa = PBXBuildFile; fileRef = 91411BED1AE7FA1C00517431 /* breads64.png */; };
		91411C111AE7FA1C00517431 /* cans128.png in Resources */ = {isa = PBXBuildFile; fileRef = 91411BEE1AE7FA1C00517431 /* cans128.png */; };
		91411C121AE7FA1C00517431 /* cans256.png in Resources */ = {isa = PBXBuildFile; fileRef = 91411BEF1AE7FA1C00517431 /* cans256.png */; };
		91411C131AE7FA1C00517431 /* cans64.png in Resources */ = {isa = PBXBuildFile; fileRef = 91411BF01AE7FA1C00517431 /* cans64.png */; };
		91411C141AE7FA1C00517431 /* fruits128.png in Resources */ = {isa = PBXBuildFile; fileRef = 91411BF11AE7FA1C00517431 /* fruits128.png */; };
		91411C151AE7FA1C00517431 /* fruits256.png in Resources */ = {isa = PBXBuildFile; fileRef = 91411BF21AE7FA1C00517431 /* fruits256.png */; };
		91411C161AE7FA1C00517431 /* fruits64.png in Resources */ = {isa = PBXBuildFile; fileRef = 91411BF31AE7FA1C00517431 /* fruits64.png */; };
		91411C171AE7FA1C00517431 /* Icon-40.png in Resources */ = {isa = PBXBuildFile; fileRef = 91411BF41AE7FA1C00517431 /* Icon-40.png */; };
		91411C181AE7FA1C00517431 /* Icon-40@2x.png in Resources */ = {isa = PBXBuildFile; fileRef = 91411BF51AE7FA1C00517431 /* Icon-40@2x.png */; };
		91411C191AE7FA1C00517431 /* Icon-40@3x.png in Resources */ = {isa = PBXBuildFile; fileRef = 91411BF61AE7FA1C00517431 /* Icon-40@3x.png */; };
		91411C1A1AE7FA1C00517431 /* Icon-60.png in Resources */ = {isa = PBXBuildFile; fileRef = 91411BF71AE7FA1C00517431 /* Icon-60.png */; };
		91411C1B1AE7FA1C00517431 /* Icon-60@2x.png in Resources */ = {isa = PBXBuildFile; fileRef = 91411BF81AE7FA1C00517431 /* Icon-60@2x.png */; };
		91411C1C1AE7FA1C00517431 /* Icon-60@3x.png in Resources */ = {isa = PBXBuildFile; fileRef = 91411BF91AE7FA1C00517431 /* Icon-60@3x.png */; };
		91411C1D1AE7FA1C00517431 /* Icon-72.png in Resources */ = {isa = PBXBuildFile; fileRef = 91411BFA1AE7FA1C00517431 /* Icon-72.png */; };
		91411C1E1AE7FA1C00517431 /* Icon-72@2x.png in Resources */ = {isa = PBXBuildFile; fileRef = 91411BFB1AE7FA1C00517431 /* Icon-72@2x.png */; };
		91411C1F1AE7FA1C00517431 /* Icon-76.png in Resources */ = {isa = PBXBuildFile; fileRef = 91411BFC1AE7FA1C00517431 /* Icon-76.png */; };
		91411C201AE7FA1C00517431 /* Icon-76@2x.png in Resources */ = {isa = PBXBuildFile; fileRef = 91411BFD1AE7FA1C00517431 /* Icon-76@2x.png */; };
		91411C211AE7FA1C00517431 /* Icon-Small-50.png in Resources */ = {isa = PBXBuildFile; fileRef = 91411BFE1AE7FA1C00517431 /* Icon-Small-50.png */; };
		91411C221AE7FA1C00517431 /* Icon-Small-50@2x.png in Resources */ = {isa = PBXBuildFile; fileRef = 91411BFF1AE7FA1C00517431 /* Icon-Small-50@2x.png */; };
		91411C231AE7FA1C00517431 /* Icon-Small.png in Resources */ = {isa = PBXBuildFile; fileRef = 91411C001AE7FA1C00517431 /* Icon-Small.png */; };
		91411C241AE7FA1C00517431 /* Icon-Small@2x.png in Resources */ = {isa = PBXBuildFile; fileRef = 91411C011AE7FA1C00517431 /* Icon-Small@2x.png */; };
		91411C251AE7FA1C00517431 /* Icon-Small@3x.png in Resources */ = {isa = PBXBuildFile; fileRef = 91411C021AE7FA1C00517431 /* Icon-Small@3x.png */; };
		91411C261AE7FA1C00517431 /* Icon.png in Resources */ = {isa = PBXBuildFile; fileRef = 91411C031AE7FA1C00517431 /* Icon.png */; };
		91411C271AE7FA1C00517431 /* Icon@2x.png in Resources */ = {isa = PBXBuildFile; fileRef = 91411C041AE7FA1C00517431 /* Icon@2x.png */; };
		91411C281AE7FA1C00517431 /* meats128.png in Resources */ = {isa = PBXBuildFile; fileRef = 91411C051AE7FA1C00517431 /* meats128.png */; };
		91411C291AE7FA1C00517431 /* meats256.png in Resources */ = {isa = PBXBuildFile; fileRef = 91411C061AE7FA1C00517431 /* meats256.png */; };
		91411C2A1AE7FA1C00517431 /* meats64.png in Resources */ = {isa = PBXBuildFile; fileRef = 91411C071AE7FA1C00517431 /* meats64.png */; };
		91411C2B1AE7FA1C00517431 /* paperbag128.png in Resources */ = {isa = PBXBuildFile; fileRef = 91411C081AE7FA1C00517431 /* paperbag128.png */; };
		91411C2C1AE7FA1C00517431 /* paperbag256.png in Resources */ = {isa = PBXBuildFile; fileRef = 91411C091AE7FA1C00517431 /* paperbag256.png */; };
		91411C2D1AE7FA1C00517431 /* paperbag64.png in Resources */ = {isa = PBXBuildFile; fileRef = 91411C0A1AE7FA1C00517431 /* paperbag64.png */; };
		91411C301AE7FAD200517431 /* LaunchViewController.m in Sources */ = {isa = PBXBuildFile; fileRef = 91411C2F1AE7FAD200517431 /* LaunchViewController.m */; };
		91411C321AE81C5600517431 /* button.png in Resources */ = {isa = PBXBuildFile; fileRef = 91411C311AE81C5600517431 /* button.png */; };
		91411C341AE81E4700517431 /* LoginViewController.m in Sources */ = {isa = PBXBuildFile; fileRef = 91411C331AE81E4700517431 /* LoginViewController.m */; };
		91411C451AE83CF100517431 /* LongLogoMaroon.PNG in Resources */ = {isa = PBXBuildFile; fileRef = 91411C411AE83CF100517431 /* LongLogoMaroon.PNG */; };
		91411C461AE83CF100517431 /* LongLogoWhite.PNG in Resources */ = {isa = PBXBuildFile; fileRef = 91411C421AE83CF100517431 /* LongLogoWhite.PNG */; };
		91411C471AE83CF100517431 /* ShortLogoMaroon.PNG in Resources */ = {isa = PBXBuildFile; fileRef = 91411C431AE83CF100517431 /* ShortLogoMaroon.PNG */; };
		91411C481AE83CF100517431 /* ShortLogoWhite.PNG in Resources */ = {isa = PBXBuildFile; fileRef = 91411C441AE83CF100517431 /* ShortLogoWhite.PNG */; };
		91411C4C1AE8474E00517431 /* button (2).png in Resources */ = {isa = PBXBuildFile; fileRef = 91411C4B1AE8474E00517431 /* button (2).png */; };
		91983A451AC7290F006EF534 /* StoreLocation.m in Sources */ = {isa = PBXBuildFile; fileRef = 91983A441AC7290F006EF534 /* StoreLocation.m */; };
		91983A491AC7471D006EF534 /* GroceryItem.m in Sources */ = {isa = PBXBuildFile; fileRef = 91983A481AC7471D006EF534 /* GroceryItem.m */; };
		91D5695D1AE87151001A31A0 /* SignUpViewController.m in Sources */ = {isa = PBXBuildFile; fileRef = 91D5695C1AE87151001A31A0 /* SignUpViewController.m */; };
/* End PBXBuildFile section */

/* Begin PBXContainerItemProxy section */
		22DC853E1AC1E6D200EE955F /* PBXContainerItemProxy */ = {
			isa = PBXContainerItemProxy;
			containerPortal = 22DC851C1AC1E6D200EE955F /* Project object */;
			proxyType = 1;
			remoteGlobalIDString = 22DC85231AC1E6D200EE955F;
			remoteInfo = TripListP1;
		};
/* End PBXContainerItemProxy section */

/* Begin PBXFileReference section */
		2211827A1AC8CD3D00724FC6 /* StoreListViewController.h */ = {isa = PBXFileReference; fileEncoding = 4; lastKnownFileType = sourcecode.c.h; path = StoreListViewController.h; sourceTree = "<group>"; };
		2211827B1AC8CD3D00724FC6 /* StoreListViewController.m */ = {isa = PBXFileReference; fileEncoding = 4; lastKnownFileType = sourcecode.c.objc; path = StoreListViewController.m; sourceTree = "<group>"; };
		2211827D1AC8D73B00724FC6 /* AddStoreViewController.h */ = {isa = PBXFileReference; fileEncoding = 4; lastKnownFileType = sourcecode.c.h; path = AddStoreViewController.h; sourceTree = "<group>"; };
		2211827E1AC8D73B00724FC6 /* AddStoreViewController.m */ = {isa = PBXFileReference; fileEncoding = 4; lastKnownFileType = sourcecode.c.objc; path = AddStoreViewController.m; sourceTree = "<group>"; };
		221182801AC8E33800724FC6 /* EditStoreViewController.h */ = {isa = PBXFileReference; fileEncoding = 4; lastKnownFileType = sourcecode.c.h; path = EditStoreViewController.h; sourceTree = "<group>"; };
		221182811AC8E33800724FC6 /* EditStoreViewController.m */ = {isa = PBXFileReference; fileEncoding = 4; lastKnownFileType = sourcecode.c.objc; path = EditStoreViewController.m; sourceTree = "<group>"; };
		225888201ACE3C620092BAE7 /* CheckedGroceryItem.h */ = {isa = PBXFileReference; fileEncoding = 4; lastKnownFileType = sourcecode.c.h; path = CheckedGroceryItem.h; sourceTree = "<group>"; };
		225888211ACE3C620092BAE7 /* CheckedGroceryItem.m */ = {isa = PBXFileReference; fileEncoding = 4; lastKnownFileType = sourcecode.c.objc; path = CheckedGroceryItem.m; sourceTree = "<group>"; };
		225C40071ACA3D920010F4B5 /* TripList.h */ = {isa = PBXFileReference; fileEncoding = 4; lastKnownFileType = sourcecode.c.h; path = TripList.h; sourceTree = "<group>"; };
		225C40081ACA3D920010F4B5 /* TripList.m */ = {isa = PBXFileReference; fileEncoding = 4; lastKnownFileType = sourcecode.c.objc; path = TripList.m; sourceTree = "<group>"; };
		226D4D6F1AE6C19D007E30D8 /* Bolts.framework */ = {isa = PBXFileReference; lastKnownFileType = wrapper.framework; path = Bolts.framework; sourceTree = "<group>"; };
		226D4D711AE6C76B007E30D8 /* Parse.framework */ = {isa = PBXFileReference; lastKnownFileType = wrapper.framework; path = Parse.framework; sourceTree = "<group>"; };
		226D4D731AE6C778007E30D8 /* ParseCrashReporting.framework */ = {isa = PBXFileReference; lastKnownFileType = wrapper.framework; path = ParseCrashReporting.framework; sourceTree = "<group>"; };
		226D4D751AE6C780007E30D8 /* ParseFacebookUtils.framework */ = {isa = PBXFileReference; lastKnownFileType = wrapper.framework; path = ParseFacebookUtils.framework; sourceTree = "<group>"; };
		226D4D771AE6C789007E30D8 /* ParseFacebookUtilsV4.framework */ = {isa = PBXFileReference; lastKnownFileType = wrapper.framework; path = ParseFacebookUtilsV4.framework; sourceTree = "<group>"; };
		226D4D791AE6C790007E30D8 /* ParseUI.framework */ = {isa = PBXFileReference; lastKnownFileType = wrapper.framework; path = ParseUI.framework; sourceTree = "<group>"; };
		226D4D7B1AE6CCE2007E30D8 /* AudioToolbox.framework */ = {isa = PBXFileReference; lastKnownFileType = wrapper.framework; name = AudioToolbox.framework; path = System/Library/Frameworks/AudioToolbox.framework; sourceTree = SDKROOT; };
		226D4D7D1AE6CCEE007E30D8 /* CFNetwork.framework */ = {isa = PBXFileReference; lastKnownFileType = wrapper.framework; name = CFNetwork.framework; path = System/Library/Frameworks/CFNetwork.framework; sourceTree = SDKROOT; };
		226D4D7F1AE6CCFC007E30D8 /* CoreGraphics.framework */ = {isa = PBXFileReference; lastKnownFileType = wrapper.framework; name = CoreGraphics.framework; path = System/Library/Frameworks/CoreGraphics.framework; sourceTree = SDKROOT; };
		226D4D811AE6CD06007E30D8 /* MobileCoreServices.framework */ = {isa = PBXFileReference; lastKnownFileType = wrapper.framework; name = MobileCoreServices.framework; path = System/Library/Frameworks/MobileCoreServices.framework; sourceTree = SDKROOT; };
		226D4D831AE6CD13007E30D8 /* QuartzCore.framework */ = {isa = PBXFileReference; lastKnownFileType = wrapper.framework; name = QuartzCore.framework; path = System/Library/Frameworks/QuartzCore.framework; sourceTree = SDKROOT; };
		226D4D851AE6CD18007E30D8 /* Security.framework */ = {isa = PBXFileReference; lastKnownFileType = wrapper.framework; name = Security.framework; path = System/Library/Frameworks/Security.framework; sourceTree = SDKROOT; };
		226D4D871AE6CD27007E30D8 /* StoreKit.framework */ = {isa = PBXFileReference; lastKnownFileType = wrapper.framework; name = StoreKit.framework; path = System/Library/Frameworks/StoreKit.framework; sourceTree = SDKROOT; };
		226D4D891AE6CD2E007E30D8 /* SystemConfiguration.framework */ = {isa = PBXFileReference; lastKnownFileType = wrapper.framework; name = SystemConfiguration.framework; path = System/Library/Frameworks/SystemConfiguration.framework; sourceTree = SDKROOT; };
		226D4D8B1AE6CD40007E30D8 /* libz.dylib */ = {isa = PBXFileReference; lastKnownFileType = "compiled.mach-o.dylib"; name = libz.dylib; path = usr/lib/libz.dylib; sourceTree = SDKROOT; };
		226D4D8D1AE6CD4E007E30D8 /* libsqlite3.dylib */ = {isa = PBXFileReference; lastKnownFileType = "compiled.mach-o.dylib"; name = libsqlite3.dylib; path = usr/lib/libsqlite3.dylib; sourceTree = SDKROOT; };
		22992BAF1AC90851009DD826 /* Trip.h */ = {isa = PBXFileReference; fileEncoding = 4; lastKnownFileType = sourcecode.c.h; path = Trip.h; sourceTree = "<group>"; };
		22992BB01AC90851009DD826 /* Trip.m */ = {isa = PBXFileReference; fileEncoding = 4; lastKnownFileType = sourcecode.c.objc; path = Trip.m; sourceTree = "<group>"; };
		22992BB21AC91EDC009DD826 /* CoreLocation.framework */ = {isa = PBXFileReference; lastKnownFileType = wrapper.framework; name = CoreLocation.framework; path = System/Library/Frameworks/CoreLocation.framework; sourceTree = SDKROOT; };
		22CE7C771ACBB616003B5650 /* CustomCell.h */ = {isa = PBXFileReference; fileEncoding = 4; lastKnownFileType = sourcecode.c.h; path = CustomCell.h; sourceTree = "<group>"; };
		22CE7C781ACBB616003B5650 /* CustomCell.m */ = {isa = PBXFileReference; fileEncoding = 4; lastKnownFileType = sourcecode.c.objc; path = CustomCell.m; sourceTree = "<group>"; };
		22DC85241AC1E6D200EE955F /* TripListP1.app */ = {isa = PBXFileReference; explicitFileType = wrapper.application; includeInIndex = 0; path = TripListP1.app; sourceTree = BUILT_PRODUCTS_DIR; };
		22DC85281AC1E6D200EE955F /* Info.plist */ = {isa = PBXFileReference; lastKnownFileType = text.plist.xml; path = Info.plist; sourceTree = "<group>"; };
		22DC85291AC1E6D200EE955F /* main.m */ = {isa = PBXFileReference; lastKnownFileType = sourcecode.c.objc; path = main.m; sourceTree = "<group>"; };
		22DC852B1AC1E6D200EE955F /* AppDelegate.h */ = {isa = PBXFileReference; lastKnownFileType = sourcecode.c.h; path = AppDelegate.h; sourceTree = "<group>"; };
		22DC852C1AC1E6D200EE955F /* AppDelegate.m */ = {isa = PBXFileReference; lastKnownFileType = sourcecode.c.objc; path = AppDelegate.m; sourceTree = "<group>"; };
		22DC852E1AC1E6D200EE955F /* TripListViewController.h */ = {isa = PBXFileReference; lastKnownFileType = sourcecode.c.h; path = TripListViewController.h; sourceTree = "<group>"; };
		22DC852F1AC1E6D200EE955F /* TripListViewController.m */ = {isa = PBXFileReference; lastKnownFileType = sourcecode.c.objc; path = TripListViewController.m; sourceTree = "<group>"; };
		22DC85321AC1E6D200EE955F /* Base */ = {isa = PBXFileReference; lastKnownFileType = file.storyboard; name = Base; path = Base.lproj/Main.storyboard; sourceTree = "<group>"; };
		22DC85341AC1E6D200EE955F /* Images.xcassets */ = {isa = PBXFileReference; lastKnownFileType = folder.assetcatalog; path = Images.xcassets; sourceTree = "<group>"; };
		22DC85371AC1E6D200EE955F /* Base */ = {isa = PBXFileReference; lastKnownFileType = file.xib; name = Base; path = Base.lproj/LaunchScreen.xib; sourceTree = "<group>"; };
		22DC853D1AC1E6D200EE955F /* TripListP1Tests.xctest */ = {isa = PBXFileReference; explicitFileType = wrapper.cfbundle; includeInIndex = 0; path = TripListP1Tests.xctest; sourceTree = BUILT_PRODUCTS_DIR; };
		22DC85421AC1E6D200EE955F /* Info.plist */ = {isa = PBXFileReference; lastKnownFileType = text.plist.xml; path = Info.plist; sourceTree = "<group>"; };
		22DC85431AC1E6D200EE955F /* TripListP1Tests.m */ = {isa = PBXFileReference; lastKnownFileType = sourcecode.c.objc; path = TripListP1Tests.m; sourceTree = "<group>"; };
		22FEFBC01AC4A9A2007A6ED5 /* AddTripViewController.h */ = {isa = PBXFileReference; fileEncoding = 4; lastKnownFileType = sourcecode.c.h; path = AddTripViewController.h; sourceTree = "<group>"; };
		22FEFBC11AC4A9A2007A6ED5 /* AddTripViewController.m */ = {isa = PBXFileReference; fileEncoding = 4; lastKnownFileType = sourcecode.c.objc; path = AddTripViewController.m; sourceTree = "<group>"; };
		91411BE81AE7FA1C00517431 /* boxes128.png */ = {isa = PBXFileReference; lastKnownFileType = image.png; path = boxes128.png; sourceTree = "<group>"; };
		91411BE91AE7FA1C00517431 /* boxes256.png */ = {isa = PBXFileReference; lastKnownFileType = image.png; path = boxes256.png; sourceTree = "<group>"; };
		91411BEA1AE7FA1C00517431 /* boxes64.png */ = {isa = PBXFileReference; lastKnownFileType = image.png; path = boxes64.png; sourceTree = "<group>"; };
		91411BEB1AE7FA1C00517431 /* breads128.png */ = {isa = PBXFileReference; lastKnownFileType = image.png; path = breads128.png; sourceTree = "<group>"; };
		91411BEC1AE7FA1C00517431 /* breads256.png */ = {isa = PBXFileReference; lastKnownFileType = image.png; path = breads256.png; sourceTree = "<group>"; };
		91411BED1AE7FA1C00517431 /* breads64.png */ = {isa = PBXFileReference; lastKnownFileType = image.png; path = breads64.png; sourceTree = "<group>"; };
		91411BEE1AE7FA1C00517431 /* cans128.png */ = {isa = PBXFileReference; lastKnownFileType = image.png; path = cans128.png; sourceTree = "<group>"; };
		91411BEF1AE7FA1C00517431 /* cans256.png */ = {isa = PBXFileReference; lastKnownFileType = image.png; path = cans256.png; sourceTree = "<group>"; };
		91411BF01AE7FA1C00517431 /* cans64.png */ = {isa = PBXFileReference; lastKnownFileType = image.png; path = cans64.png; sourceTree = "<group>"; };
		91411BF11AE7FA1C00517431 /* fruits128.png */ = {isa = PBXFileReference; lastKnownFileType = image.png; path = fruits128.png; sourceTree = "<group>"; };
		91411BF21AE7FA1C00517431 /* fruits256.png */ = {isa = PBXFileReference; lastKnownFileType = image.png; path = fruits256.png; sourceTree = "<group>"; };
		91411BF31AE7FA1C00517431 /* fruits64.png */ = {isa = PBXFileReference; lastKnownFileType = image.png; path = fruits64.png; sourceTree = "<group>"; };
		91411BF41AE7FA1C00517431 /* Icon-40.png */ = {isa = PBXFileReference; lastKnownFileType = image.png; path = "Icon-40.png"; sourceTree = "<group>"; };
		91411BF51AE7FA1C00517431 /* Icon-40@2x.png */ = {isa = PBXFileReference; lastKnownFileType = image.png; path = "Icon-40@2x.png"; sourceTree = "<group>"; };
		91411BF61AE7FA1C00517431 /* Icon-40@3x.png */ = {isa = PBXFileReference; lastKnownFileType = image.png; path = "Icon-40@3x.png"; sourceTree = "<group>"; };
		91411BF71AE7FA1C00517431 /* Icon-60.png */ = {isa = PBXFileReference; lastKnownFileType = image.png; path = "Icon-60.png"; sourceTree = "<group>"; };
		91411BF81AE7FA1C00517431 /* Icon-60@2x.png */ = {isa = PBXFileReference; lastKnownFileType = image.png; path = "Icon-60@2x.png"; sourceTree = "<group>"; };
		91411BF91AE7FA1C00517431 /* Icon-60@3x.png */ = {isa = PBXFileReference; lastKnownFileType = image.png; path = "Icon-60@3x.png"; sourceTree = "<group>"; };
		91411BFA1AE7FA1C00517431 /* Icon-72.png */ = {isa = PBXFileReference; lastKnownFileType = image.png; path = "Icon-72.png"; sourceTree = "<group>"; };
		91411BFB1AE7FA1C00517431 /* Icon-72@2x.png */ = {isa = PBXFileReference; lastKnownFileType = image.png; path = "Icon-72@2x.png"; sourceTree = "<group>"; };
		91411BFC1AE7FA1C00517431 /* Icon-76.png */ = {isa = PBXFileReference; lastKnownFileType = image.png; path = "Icon-76.png"; sourceTree = "<group>"; };
		91411BFD1AE7FA1C00517431 /* Icon-76@2x.png */ = {isa = PBXFileReference; lastKnownFileType = image.png; path = "Icon-76@2x.png"; sourceTree = "<group>"; };
		91411BFE1AE7FA1C00517431 /* Icon-Small-50.png */ = {isa = PBXFileReference; lastKnownFileType = image.png; path = "Icon-Small-50.png"; sourceTree = "<group>"; };
		91411BFF1AE7FA1C00517431 /* Icon-Small-50@2x.png */ = {isa = PBXFileReference; lastKnownFileType = image.png; path = "Icon-Small-50@2x.png"; sourceTree = "<group>"; };
		91411C001AE7FA1C00517431 /* Icon-Small.png */ = {isa = PBXFileReference; lastKnownFileType = image.png; path = "Icon-Small.png"; sourceTree = "<group>"; };
		91411C011AE7FA1C00517431 /* Icon-Small@2x.png */ = {isa = PBXFileReference; lastKnownFileType = image.png; path = "Icon-Small@2x.png"; sourceTree = "<group>"; };
		91411C021AE7FA1C00517431 /* Icon-Small@3x.png */ = {isa = PBXFileReference; lastKnownFileType = image.png; path = "Icon-Small@3x.png"; sourceTree = "<group>"; };
		91411C031AE7FA1C00517431 /* Icon.png */ = {isa = PBXFileReference; lastKnownFileType = image.png; path = Icon.png; sourceTree = "<group>"; };
		91411C041AE7FA1C00517431 /* Icon@2x.png */ = {isa = PBXFileReference; lastKnownFileType = image.png; path = "Icon@2x.png"; sourceTree = "<group>"; };
		91411C051AE7FA1C00517431 /* meats128.png */ = {isa = PBXFileReference; lastKnownFileType = image.png; path = meats128.png; sourceTree = "<group>"; };
		91411C061AE7FA1C00517431 /* meats256.png */ = {isa = PBXFileReference; lastKnownFileType = image.png; path = meats256.png; sourceTree = "<group>"; };
		91411C071AE7FA1C00517431 /* meats64.png */ = {isa = PBXFileReference; lastKnownFileType = image.png; path = meats64.png; sourceTree = "<group>"; };
		91411C081AE7FA1C00517431 /* paperbag128.png */ = {isa = PBXFileReference; lastKnownFileType = image.png; path = paperbag128.png; sourceTree = "<group>"; };
		91411C091AE7FA1C00517431 /* paperbag256.png */ = {isa = PBXFileReference; lastKnownFileType = image.png; path = paperbag256.png; sourceTree = "<group>"; };
		91411C0A1AE7FA1C00517431 /* paperbag64.png */ = {isa = PBXFileReference; lastKnownFileType = image.png; path = paperbag64.png; sourceTree = "<group>"; };
		91411C2E1AE7FABE00517431 /* LaunchViewController.h */ = {isa = PBXFileReference; lastKnownFileType = sourcecode.c.h; path = LaunchViewController.h; sourceTree = "<group>"; };
		91411C2F1AE7FAD200517431 /* LaunchViewController.m */ = {isa = PBXFileReference; fileEncoding = 4; lastKnownFileType = sourcecode.c.objc; path = LaunchViewController.m; sourceTree = "<group>"; };
		91411C311AE81C5600517431 /* button.png */ = {isa = PBXFileReference; lastKnownFileType = image.png; path = button.png; sourceTree = "<group>"; };
		91411C331AE81E4700517431 /* LoginViewController.m */ = {isa = PBXFileReference; fileEncoding = 4; lastKnownFileType = sourcecode.c.objc; path = LoginViewController.m; sourceTree = "<group>"; };
		91411C351AE81E5700517431 /* LoginViewController.h */ = {isa = PBXFileReference; lastKnownFileType = sourcecode.c.h; path = LoginViewController.h; sourceTree = "<group>"; };
		91411C411AE83CF100517431 /* LongLogoMaroon.PNG */ = {isa = PBXFileReference; lastKnownFileType = image.png; path = LongLogoMaroon.PNG; sourceTree = "<group>"; };
		91411C421AE83CF100517431 /* LongLogoWhite.PNG */ = {isa = PBXFileReference; lastKnownFileType = image.png; path = LongLogoWhite.PNG; sourceTree = "<group>"; };
		91411C431AE83CF100517431 /* ShortLogoMaroon.PNG */ = {isa = PBXFileReference; lastKnownFileType = image.png; path = ShortLogoMaroon.PNG; sourceTree = "<group>"; };
		91411C441AE83CF100517431 /* ShortLogoWhite.PNG */ = {isa = PBXFileReference; lastKnownFileType = image.png; path = ShortLogoWhite.PNG; sourceTree = "<group>"; };
		91411C4B1AE8474E00517431 /* button (2).png */ = {isa = PBXFileReference; lastKnownFileType = image.png; path = "button (2).png"; sourceTree = "<group>"; };
		91983A441AC7290F006EF534 /* StoreLocation.m */ = {isa = PBXFileReference; fileEncoding = 4; lastKnownFileType = sourcecode.c.objc; path = StoreLocation.m; sourceTree = "<group>"; };
		91983A461AC7292F006EF534 /* StoreLocation.h */ = {isa = PBXFileReference; lastKnownFileType = sourcecode.c.h; path = StoreLocation.h; sourceTree = "<group>"; };
		91983A471AC7470E006EF534 /* GroceryItem.h */ = {isa = PBXFileReference; lastKnownFileType = sourcecode.c.h; path = GroceryItem.h; sourceTree = "<group>"; };
		91983A481AC7471D006EF534 /* GroceryItem.m */ = {isa = PBXFileReference; fileEncoding = 4; lastKnownFileType = sourcecode.c.objc; path = GroceryItem.m; sourceTree = "<group>"; };
		91D5695C1AE87151001A31A0 /* SignUpViewController.m */ = {isa = PBXFileReference; fileEncoding = 4; lastKnownFileType = sourcecode.c.objc; path = SignUpViewController.m; sourceTree = "<group>"; };
		91D5695E1AE87167001A31A0 /* SignUpViewController.h */ = {isa = PBXFileReference; lastKnownFileType = sourcecode.c.h; path = SignUpViewController.h; sourceTree = "<group>"; };
/* End PBXFileReference section */

/* Begin PBXFrameworksBuildPhase section */
		22DC85211AC1E6D200EE955F /* Frameworks */ = {
			isa = PBXFrameworksBuildPhase;
			buildActionMask = 2147483647;
			files = (
				226D4D8E1AE6CD4E007E30D8 /* libsqlite3.dylib in Frameworks */,
				226D4D8C1AE6CD40007E30D8 /* libz.dylib in Frameworks */,
				226D4D8A1AE6CD2E007E30D8 /* SystemConfiguration.framework in Frameworks */,
				226D4D881AE6CD27007E30D8 /* StoreKit.framework in Frameworks */,
				226D4D861AE6CD18007E30D8 /* Security.framework in Frameworks */,
				226D4D841AE6CD13007E30D8 /* QuartzCore.framework in Frameworks */,
				226D4D821AE6CD06007E30D8 /* MobileCoreServices.framework in Frameworks */,
				226D4D801AE6CCFC007E30D8 /* CoreGraphics.framework in Frameworks */,
				226D4D7E1AE6CCEE007E30D8 /* CFNetwork.framework in Frameworks */,
				226D4D7C1AE6CCE2007E30D8 /* AudioToolbox.framework in Frameworks */,
				22992BB31AC91EDC009DD826 /* CoreLocation.framework in Frameworks */,
				226D4D721AE6C76B007E30D8 /* Parse.framework in Frameworks */,
				226D4D7A1AE6C790007E30D8 /* ParseUI.framework in Frameworks */,
				226D4D781AE6C789007E30D8 /* ParseFacebookUtilsV4.framework in Frameworks */,
				226D4D701AE6C19D007E30D8 /* Bolts.framework in Frameworks */,
				226D4D761AE6C780007E30D8 /* ParseFacebookUtils.framework in Frameworks */,
				226D4D741AE6C778007E30D8 /* ParseCrashReporting.framework in Frameworks */,
			);
			runOnlyForDeploymentPostprocessing = 0;
		};
		22DC853A1AC1E6D200EE955F /* Frameworks */ = {
			isa = PBXFrameworksBuildPhase;
			buildActionMask = 2147483647;
			files = (
			);
			runOnlyForDeploymentPostprocessing = 0;
		};
/* End PBXFrameworksBuildPhase section */

/* Begin PBXGroup section */
		226D4D6E1AE6C07E007E30D8 /* Frameworks */ = {
			isa = PBXGroup;
			children = (
				226D4D8D1AE6CD4E007E30D8 /* libsqlite3.dylib */,
				226D4D8B1AE6CD40007E30D8 /* libz.dylib */,
				226D4D891AE6CD2E007E30D8 /* SystemConfiguration.framework */,
				226D4D871AE6CD27007E30D8 /* StoreKit.framework */,
				226D4D851AE6CD18007E30D8 /* Security.framework */,
				226D4D831AE6CD13007E30D8 /* QuartzCore.framework */,
				226D4D811AE6CD06007E30D8 /* MobileCoreServices.framework */,
				226D4D7F1AE6CCFC007E30D8 /* CoreGraphics.framework */,
				226D4D7D1AE6CCEE007E30D8 /* CFNetwork.framework */,
				226D4D7B1AE6CCE2007E30D8 /* AudioToolbox.framework */,
				226D4D791AE6C790007E30D8 /* ParseUI.framework */,
				226D4D771AE6C789007E30D8 /* ParseFacebookUtilsV4.framework */,
				226D4D751AE6C780007E30D8 /* ParseFacebookUtils.framework */,
				226D4D731AE6C778007E30D8 /* ParseCrashReporting.framework */,
				226D4D711AE6C76B007E30D8 /* Parse.framework */,
				226D4D6F1AE6C19D007E30D8 /* Bolts.framework */,
				22992BB21AC91EDC009DD826 /* CoreLocation.framework */,
			);
			name = Frameworks;
			sourceTree = "<group>";
		};
		22DC851B1AC1E6D200EE955F = {
			isa = PBXGroup;
			children = (
				226D4D6E1AE6C07E007E30D8 /* Frameworks */,
				22DC85261AC1E6D200EE955F /* TripListP1 */,
				22DC85401AC1E6D200EE955F /* TripListP1Tests */,
				22DC85251AC1E6D200EE955F /* Products */,
			);
			sourceTree = "<group>";
		};
		22DC85251AC1E6D200EE955F /* Products */ = {
			isa = PBXGroup;
			children = (
				22DC85241AC1E6D200EE955F /* TripListP1.app */,
				22DC853D1AC1E6D200EE955F /* TripListP1Tests.xctest */,
			);
			name = Products;
			sourceTree = "<group>";
		};
		22DC85261AC1E6D200EE955F /* TripListP1 */ = {
			isa = PBXGroup;
			children = (
				91411BE71AE7FA1C00517431 /* Images */,
				22DC852B1AC1E6D200EE955F /* AppDelegate.h */,
				22DC852C1AC1E6D200EE955F /* AppDelegate.m */,
				22DC852E1AC1E6D200EE955F /* TripListViewController.h */,
				22DC852F1AC1E6D200EE955F /* TripListViewController.m */,
				22FEFBC01AC4A9A2007A6ED5 /* AddTripViewController.h */,
				22FEFBC11AC4A9A2007A6ED5 /* AddTripViewController.m */,
				2211827A1AC8CD3D00724FC6 /* StoreListViewController.h */,
				2211827B1AC8CD3D00724FC6 /* StoreListViewController.m */,
				2211827D1AC8D73B00724FC6 /* AddStoreViewController.h */,
				2211827E1AC8D73B00724FC6 /* AddStoreViewController.m */,
				221182801AC8E33800724FC6 /* EditStoreViewController.h */,
				221182811AC8E33800724FC6 /* EditStoreViewController.m */,
				22CE7C771ACBB616003B5650 /* CustomCell.h */,
				22CE7C781ACBB616003B5650 /* CustomCell.m */,
				22DC85311AC1E6D200EE955F /* Main.storyboard */,
				225C40071ACA3D920010F4B5 /* TripList.h */,
				225C40081ACA3D920010F4B5 /* TripList.m */,
				22DC85341AC1E6D200EE955F /* Images.xcassets */,
				22DC85361AC1E6D200EE955F /* LaunchScreen.xib */,
				225888201ACE3C620092BAE7 /* CheckedGroceryItem.h */,
				225888211ACE3C620092BAE7 /* CheckedGroceryItem.m */,
				91983A461AC7292F006EF534 /* StoreLocation.h */,
				91983A441AC7290F006EF534 /* StoreLocation.m */,
				22992BAF1AC90851009DD826 /* Trip.h */,
				22992BB01AC90851009DD826 /* Trip.m */,
				91983A471AC7470E006EF534 /* GroceryItem.h */,
				91983A481AC7471D006EF534 /* GroceryItem.m */,
				22DC85271AC1E6D200EE955F /* Supporting Files */,
				91411C2E1AE7FABE00517431 /* LaunchViewController.h */,
				91411C2F1AE7FAD200517431 /* LaunchViewController.m */,
				91411C351AE81E5700517431 /* LoginViewController.h */,
				91411C331AE81E4700517431 /* LoginViewController.m */,
				91D5695E1AE87167001A31A0 /* SignUpViewController.h */,
				91D5695C1AE87151001A31A0 /* SignUpViewController.m */,
			);
			path = TripListP1;
			sourceTree = "<group>";
		};
		22DC85271AC1E6D200EE955F /* Supporting Files */ = {
			isa = PBXGroup;
			children = (
				22DC85281AC1E6D200EE955F /* Info.plist */,
				22DC85291AC1E6D200EE955F /* main.m */,
			);
			name = "Supporting Files";
			sourceTree = "<group>";
		};
		22DC85401AC1E6D200EE955F /* TripListP1Tests */ = {
			isa = PBXGroup;
			children = (
				22DC85431AC1E6D200EE955F /* TripListP1Tests.m */,
				22DC85411AC1E6D200EE955F /* Supporting Files */,
			);
			path = TripListP1Tests;
			sourceTree = "<group>";
		};
		22DC85411AC1E6D200EE955F /* Supporting Files */ = {
			isa = PBXGroup;
			children = (
				22DC85421AC1E6D200EE955F /* Info.plist */,
			);
			name = "Supporting Files";
			sourceTree = "<group>";
		};
		91411BE71AE7FA1C00517431 /* Images */ = {
			isa = PBXGroup;
			children = (
				91411C4B1AE8474E00517431 /* button (2).png */,
				91411C411AE83CF100517431 /* LongLogoMaroon.PNG */,
				91411C421AE83CF100517431 /* LongLogoWhite.PNG */,
				91411C431AE83CF100517431 /* ShortLogoMaroon.PNG */,
				91411C441AE83CF100517431 /* ShortLogoWhite.PNG */,
				91411C311AE81C5600517431 /* button.png */,
				91411BE81AE7FA1C00517431 /* boxes128.png */,
				91411BE91AE7FA1C00517431 /* boxes256.png */,
				91411BEA1AE7FA1C00517431 /* boxes64.png */,
				91411BEB1AE7FA1C00517431 /* breads128.png */,
				91411BEC1AE7FA1C00517431 /* breads256.png */,
				91411BED1AE7FA1C00517431 /* breads64.png */,
				91411BEE1AE7FA1C00517431 /* cans128.png */,
				91411BEF1AE7FA1C00517431 /* cans256.png */,
				91411BF01AE7FA1C00517431 /* cans64.png */,
				91411BF11AE7FA1C00517431 /* fruits128.png */,
				91411BF21AE7FA1C00517431 /* fruits256.png */,
				91411BF31AE7FA1C00517431 /* fruits64.png */,
				91411BF41AE7FA1C00517431 /* Icon-40.png */,
				91411BF51AE7FA1C00517431 /* Icon-40@2x.png */,
				91411BF61AE7FA1C00517431 /* Icon-40@3x.png */,
				91411BF71AE7FA1C00517431 /* Icon-60.png */,
				91411BF81AE7FA1C00517431 /* Icon-60@2x.png */,
				91411BF91AE7FA1C00517431 /* Icon-60@3x.png */,
				91411BFA1AE7FA1C00517431 /* Icon-72.png */,
				91411BFB1AE7FA1C00517431 /* Icon-72@2x.png */,
				91411BFC1AE7FA1C00517431 /* Icon-76.png */,
				91411BFD1AE7FA1C00517431 /* Icon-76@2x.png */,
				91411BFE1AE7FA1C00517431 /* Icon-Small-50.png */,
				91411BFF1AE7FA1C00517431 /* Icon-Small-50@2x.png */,
				91411C001AE7FA1C00517431 /* Icon-Small.png */,
				91411C011AE7FA1C00517431 /* Icon-Small@2x.png */,
				91411C021AE7FA1C00517431 /* Icon-Small@3x.png */,
				91411C031AE7FA1C00517431 /* Icon.png */,
				91411C041AE7FA1C00517431 /* Icon@2x.png */,
				91411C051AE7FA1C00517431 /* meats128.png */,
				91411C061AE7FA1C00517431 /* meats256.png */,
				91411C071AE7FA1C00517431 /* meats64.png */,
				91411C081AE7FA1C00517431 /* paperbag128.png */,
				91411C091AE7FA1C00517431 /* paperbag256.png */,
				91411C0A1AE7FA1C00517431 /* paperbag64.png */,
			);
			path = Images;
			sourceTree = "<group>";
		};
/* End PBXGroup section */

/* Begin PBXNativeTarget section */
		22DC85231AC1E6D200EE955F /* TripListP1 */ = {
			isa = PBXNativeTarget;
			buildConfigurationList = 22DC85471AC1E6D200EE955F /* Build configuration list for PBXNativeTarget "TripListP1" */;
			buildPhases = (
				22DC85201AC1E6D200EE955F /* Sources */,
				22DC85211AC1E6D200EE955F /* Frameworks */,
				22DC85221AC1E6D200EE955F /* Resources */,
			);
			buildRules = (
			);
			dependencies = (
			);
			name = TripListP1;
			productName = TripListP1;
			productReference = 22DC85241AC1E6D200EE955F /* TripListP1.app */;
			productType = "com.apple.product-type.application";
		};
		22DC853C1AC1E6D200EE955F /* TripListP1Tests */ = {
			isa = PBXNativeTarget;
			buildConfigurationList = 22DC854A1AC1E6D200EE955F /* Build configuration list for PBXNativeTarget "TripListP1Tests" */;
			buildPhases = (
				22DC85391AC1E6D200EE955F /* Sources */,
				22DC853A1AC1E6D200EE955F /* Frameworks */,
				22DC853B1AC1E6D200EE955F /* Resources */,
			);
			buildRules = (
			);
			dependencies = (
				22DC853F1AC1E6D200EE955F /* PBXTargetDependency */,
			);
			name = TripListP1Tests;
			productName = TripListP1Tests;
			productReference = 22DC853D1AC1E6D200EE955F /* TripListP1Tests.xctest */;
			productType = "com.apple.product-type.bundle.unit-test";
		};
/* End PBXNativeTarget section */

/* Begin PBXProject section */
		22DC851C1AC1E6D200EE955F /* Project object */ = {
			isa = PBXProject;
			attributes = {
				LastUpgradeCheck = 0610;
				ORGANIZATIONNAME = "CSE 394";
				TargetAttributes = {
					22DC85231AC1E6D200EE955F = {
						CreatedOnToolsVersion = 6.1.1;
					};
					22DC853C1AC1E6D200EE955F = {
						CreatedOnToolsVersion = 6.1.1;
						TestTargetID = 22DC85231AC1E6D200EE955F;
					};
				};
			};
			buildConfigurationList = 22DC851F1AC1E6D200EE955F /* Build configuration list for PBXProject "TripListP1" */;
			compatibilityVersion = "Xcode 3.2";
			developmentRegion = English;
			hasScannedForEncodings = 0;
			knownRegions = (
				en,
				Base,
			);
			mainGroup = 22DC851B1AC1E6D200EE955F;
			productRefGroup = 22DC85251AC1E6D200EE955F /* Products */;
			projectDirPath = "";
			projectRoot = "";
			targets = (
				22DC85231AC1E6D200EE955F /* TripListP1 */,
				22DC853C1AC1E6D200EE955F /* TripListP1Tests */,
			);
		};
/* End PBXProject section */

/* Begin PBXResourcesBuildPhase section */
		22DC85221AC1E6D200EE955F /* Resources */ = {
			isa = PBXResourcesBuildPhase;
			buildActionMask = 2147483647;
			files = (
				91411C221AE7FA1C00517431 /* Icon-Small-50@2x.png in Resources */,
				91411C1A1AE7FA1C00517431 /* Icon-60.png in Resources */,
				91411C181AE7FA1C00517431 /* Icon-40@2x.png in Resources */,
				91411C131AE7FA1C00517431 /* cans64.png in Resources */,
				91411C1D1AE7FA1C00517431 /* Icon-72.png in Resources */,
				22DC85331AC1E6D200EE955F /* Main.storyboard in Resources */,
				91411C481AE83CF100517431 /* ShortLogoWhite.PNG in Resources */,
				91411C121AE7FA1C00517431 /* cans256.png in Resources */,
				91411C4C1AE8474E00517431 /* button (2).png in Resources */,
				91411C191AE7FA1C00517431 /* Icon-40@3x.png in Resources */,
				91411C231AE7FA1C00517431 /* Icon-Small.png in Resources */,
				91411C2C1AE7FA1C00517431 /* paperbag256.png in Resources */,
				91411C101AE7FA1C00517431 /* breads64.png in Resources */,
				91411C1E1AE7FA1C00517431 /* Icon-72@2x.png in Resources */,
				91411C141AE7FA1C00517431 /* fruits128.png in Resources */,
				91411C0E1AE7FA1C00517431 /* breads128.png in Resources */,
				91411C281AE7FA1C00517431 /* meats128.png in Resources */,
				91411C0D1AE7FA1C00517431 /* boxes64.png in Resources */,
				91411C2B1AE7FA1C00517431 /* paperbag128.png in Resources */,
				91411C261AE7FA1C00517431 /* Icon.png in Resources */,
				91411C0C1AE7FA1C00517431 /* boxes256.png in Resources */,
				91411C1B1AE7FA1C00517431 /* Icon-60@2x.png in Resources */,
				91411C461AE83CF100517431 /* LongLogoWhite.PNG in Resources */,
				91411C271AE7FA1C00517431 /* Icon@2x.png in Resources */,
				91411C171AE7FA1C00517431 /* Icon-40.png in Resources */,
				22DC85381AC1E6D200EE955F /* LaunchScreen.xib in Resources */,
				91411C251AE7FA1C00517431 /* Icon-Small@3x.png in Resources */,
				22DC85351AC1E6D200EE955F /* Images.xcassets in Resources */,
				91411C2D1AE7FA1C00517431 /* paperbag64.png in Resources */,
				91411C471AE83CF100517431 /* ShortLogoMaroon.PNG in Resources */,
				91411C1F1AE7FA1C00517431 /* Icon-76.png in Resources */,
				91411C201AE7FA1C00517431 /* Icon-76@2x.png in Resources */,
				91411C161AE7FA1C00517431 /* fruits64.png in Resources */,
				91411C151AE7FA1C00517431 /* fruits256.png in Resources */,
				91411C2A1AE7FA1C00517431 /* meats64.png in Resources */,
				91411C241AE7FA1C00517431 /* Icon-Small@2x.png in Resources */,
				91411C291AE7FA1C00517431 /* meats256.png in Resources */,
				91411C211AE7FA1C00517431 /* Icon-Small-50.png in Resources */,
				91411C451AE83CF100517431 /* LongLogoMaroon.PNG in Resources */,
				91411C0F1AE7FA1C00517431 /* breads256.png in Resources */,
				91411C1C1AE7FA1C00517431 /* Icon-60@3x.png in Resources */,
				91411C111AE7FA1C00517431 /* cans128.png in Resources */,
				91411C321AE81C5600517431 /* button.png in Resources */,
				91411C0B1AE7FA1C00517431 /* boxes128.png in Resources */,
			);
			runOnlyForDeploymentPostprocessing = 0;
		};
		22DC853B1AC1E6D200EE955F /* Resources */ = {
			isa = PBXResourcesBuildPhase;
			buildActionMask = 2147483647;
			files = (
			);
			runOnlyForDeploymentPostprocessing = 0;
		};
/* End PBXResourcesBuildPhase section */

/* Begin PBXSourcesBuildPhase section */
		22DC85201AC1E6D200EE955F /* Sources */ = {
			isa = PBXSourcesBuildPhase;
			buildActionMask = 2147483647;
			files = (
				225888221ACE3C620092BAE7 /* CheckedGroceryItem.m in Sources */,
				2211827F1AC8D73B00724FC6 /* AddStoreViewController.m in Sources */,
				22DC85301AC1E6D200EE955F /* TripListViewController.m in Sources */,
				91411C301AE7FAD200517431 /* LaunchViewController.m in Sources */,
				22CE7C791ACBB616003B5650 /* CustomCell.m in Sources */,
				91983A451AC7290F006EF534 /* StoreLocation.m in Sources */,
				91D5695D1AE87151001A31A0 /* SignUpViewController.m in Sources */,
				22FEFBC21AC4A9A2007A6ED5 /* AddTripViewController.m in Sources */,
				2211827C1AC8CD3D00724FC6 /* StoreListViewController.m in Sources */,
				225C40091ACA3D920010F4B5 /* TripList.m in Sources */,
				22992BB11AC90851009DD826 /* Trip.m in Sources */,
				221182821AC8E33800724FC6 /* EditStoreViewController.m in Sources */,
				22DC852D1AC1E6D200EE955F /* AppDelegate.m in Sources */,
				22DC852A1AC1E6D200EE955F /* main.m in Sources */,
				91983A491AC7471D006EF534 /* GroceryItem.m in Sources */,
				91411C341AE81E4700517431 /* LoginViewController.m in Sources */,
			);
			runOnlyForDeploymentPostprocessing = 0;
		};
		22DC85391AC1E6D200EE955F /* Sources */ = {
			isa = PBXSourcesBuildPhase;
			buildActionMask = 2147483647;
			files = (
				22DC85441AC1E6D200EE955F /* TripListP1Tests.m in Sources */,
			);
			runOnlyForDeploymentPostprocessing = 0;
		};
/* End PBXSourcesBuildPhase section */

/* Begin PBXTargetDependency section */
		22DC853F1AC1E6D200EE955F /* PBXTargetDependency */ = {
			isa = PBXTargetDependency;
			target = 22DC85231AC1E6D200EE955F /* TripListP1 */;
			targetProxy = 22DC853E1AC1E6D200EE955F /* PBXContainerItemProxy */;
		};
/* End PBXTargetDependency section */

/* Begin PBXVariantGroup section */
		22DC85311AC1E6D200EE955F /* Main.storyboard */ = {
			isa = PBXVariantGroup;
			children = (
				22DC85321AC1E6D200EE955F /* Base */,
			);
			name = Main.storyboard;
			sourceTree = "<group>";
		};
		22DC85361AC1E6D200EE955F /* LaunchScreen.xib */ = {
			isa = PBXVariantGroup;
			children = (
				22DC85371AC1E6D200EE955F /* Base */,
			);
			name = LaunchScreen.xib;
			sourceTree = "<group>";
		};
/* End PBXVariantGroup section */

/* Begin XCBuildConfiguration section */
		22DC85451AC1E6D200EE955F /* Debug */ = {
			isa = XCBuildConfiguration;
			buildSettings = {
				ALWAYS_SEARCH_USER_PATHS = NO;
				CLANG_CXX_LANGUAGE_STANDARD = "gnu++0x";
				CLANG_CXX_LIBRARY = "libc++";
				CLANG_ENABLE_MODULES = YES;
				CLANG_ENABLE_OBJC_ARC = YES;
				CLANG_WARN_BOOL_CONVERSION = YES;
				CLANG_WARN_CONSTANT_CONVERSION = YES;
				CLANG_WARN_DIRECT_OBJC_ISA_USAGE = YES_ERROR;
				CLANG_WARN_EMPTY_BODY = YES;
				CLANG_WARN_ENUM_CONVERSION = YES;
				CLANG_WARN_INT_CONVERSION = YES;
				CLANG_WARN_OBJC_ROOT_CLASS = YES_ERROR;
				CLANG_WARN_UNREACHABLE_CODE = YES;
				CLANG_WARN__DUPLICATE_METHOD_MATCH = YES;
				"CODE_SIGN_IDENTITY[sdk=iphoneos*]" = "iPhone Developer";
				COPY_PHASE_STRIP = NO;
				ENABLE_STRICT_OBJC_MSGSEND = YES;
				GCC_C_LANGUAGE_STANDARD = gnu99;
				GCC_DYNAMIC_NO_PIC = NO;
				GCC_OPTIMIZATION_LEVEL = 0;
				GCC_PREPROCESSOR_DEFINITIONS = (
					"DEBUG=1",
					"$(inherited)",
				);
				GCC_SYMBOLS_PRIVATE_EXTERN = NO;
				GCC_WARN_64_TO_32_BIT_CONVERSION = YES;
				GCC_WARN_ABOUT_RETURN_TYPE = YES_ERROR;
				GCC_WARN_UNDECLARED_SELECTOR = YES;
				GCC_WARN_UNINITIALIZED_AUTOS = YES_AGGRESSIVE;
				GCC_WARN_UNUSED_FUNCTION = YES;
				GCC_WARN_UNUSED_VARIABLE = YES;
				IPHONEOS_DEPLOYMENT_TARGET = 8.1;
				MTL_ENABLE_DEBUG_INFO = YES;
				ONLY_ACTIVE_ARCH = YES;
				SDKROOT = iphoneos;
			};
			name = Debug;
		};
		22DC85461AC1E6D200EE955F /* Release */ = {
			isa = XCBuildConfiguration;
			buildSettings = {
				ALWAYS_SEARCH_USER_PATHS = NO;
				CLANG_CXX_LANGUAGE_STANDARD = "gnu++0x";
				CLANG_CXX_LIBRARY = "libc++";
				CLANG_ENABLE_MODULES = YES;
				CLANG_ENABLE_OBJC_ARC = YES;
				CLANG_WARN_BOOL_CONVERSION = YES;
				CLANG_WARN_CONSTANT_CONVERSION = YES;
				CLANG_WARN_DIRECT_OBJC_ISA_USAGE = YES_ERROR;
				CLANG_WARN_EMPTY_BODY = YES;
				CLANG_WARN_ENUM_CONVERSION = YES;
				CLANG_WARN_INT_CONVERSION = YES;
				CLANG_WARN_OBJC_ROOT_CLASS = YES_ERROR;
				CLANG_WARN_UNREACHABLE_CODE = YES;
				CLANG_WARN__DUPLICATE_METHOD_MATCH = YES;
				"CODE_SIGN_IDENTITY[sdk=iphoneos*]" = "iPhone Developer";
				COPY_PHASE_STRIP = YES;
				ENABLE_NS_ASSERTIONS = NO;
				ENABLE_STRICT_OBJC_MSGSEND = YES;
				GCC_C_LANGUAGE_STANDARD = gnu99;
				GCC_WARN_64_TO_32_BIT_CONVERSION = YES;
				GCC_WARN_ABOUT_RETURN_TYPE = YES_ERROR;
				GCC_WARN_UNDECLARED_SELECTOR = YES;
				GCC_WARN_UNINITIALIZED_AUTOS = YES_AGGRESSIVE;
				GCC_WARN_UNUSED_FUNCTION = YES;
				GCC_WARN_UNUSED_VARIABLE = YES;
				IPHONEOS_DEPLOYMENT_TARGET = 8.1;
				MTL_ENABLE_DEBUG_INFO = NO;
				SDKROOT = iphoneos;
				VALIDATE_PRODUCT = YES;
			};
			name = Release;
		};
		22DC85481AC1E6D200EE955F /* Debug */ = {
			isa = XCBuildConfiguration;
			buildSettings = {
				ASSETCATALOG_COMPILER_APPICON_NAME = AppIcon;
				FRAMEWORK_SEARCH_PATHS = (
					"$(inherited)",
					"$(PROJECT_DIR)",
				);
				INFOPLIST_FILE = TripListP1/Info.plist;
				LD_RUNPATH_SEARCH_PATHS = "$(inherited) @executable_path/Frameworks";
				PRODUCT_NAME = "$(TARGET_NAME)";
			};
			name = Debug;
		};
		22DC85491AC1E6D200EE955F /* Release */ = {
			isa = XCBuildConfiguration;
			buildSettings = {
				ASSETCATALOG_COMPILER_APPICON_NAME = AppIcon;
				FRAMEWORK_SEARCH_PATHS = (
					"$(inherited)",
					"$(PROJECT_DIR)",
				);
				INFOPLIST_FILE = TripListP1/Info.plist;
				LD_RUNPATH_SEARCH_PATHS = "$(inherited) @executable_path/Frameworks";
				PRODUCT_NAME = "$(TARGET_NAME)";
			};
			name = Release;
		};
		22DC854B1AC1E6D200EE955F /* Debug */ = {
			isa = XCBuildConfiguration;
			buildSettings = {
				BUNDLE_LOADER = "$(TEST_HOST)";
				FRAMEWORK_SEARCH_PATHS = (
					"$(SDKROOT)/Developer/Library/Frameworks",
					"$(inherited)",
				);
				GCC_PREPROCESSOR_DEFINITIONS = (
					"DEBUG=1",
					"$(inherited)",
				);
				INFOPLIST_FILE = TripListP1Tests/Info.plist;
				LD_RUNPATH_SEARCH_PATHS = "$(inherited) @executable_path/Frameworks @loader_path/Frameworks";
				PRODUCT_NAME = "$(TARGET_NAME)";
				TEST_HOST = "$(BUILT_PRODUCTS_DIR)/TripListP1.app/TripListP1";
			};
			name = Debug;
		};
		22DC854C1AC1E6D200EE955F /* Release */ = {
			isa = XCBuildConfiguration;
			buildSettings = {
				BUNDLE_LOADER = "$(TEST_HOST)";
				FRAMEWORK_SEARCH_PATHS = (
					"$(SDKROOT)/Developer/Library/Frameworks",
					"$(inherited)",
				);
				INFOPLIST_FILE = TripListP1Tests/Info.plist;
				LD_RUNPATH_SEARCH_PATHS = "$(inherited) @executable_path/Frameworks @loader_path/Frameworks";
				PRODUCT_NAME = "$(TARGET_NAME)";
				TEST_HOST = "$(BUILT_PRODUCTS_DIR)/TripListP1.app/TripListP1";
			};
			name = Release;
		};
/* End XCBuildConfiguration section */

/* Begin XCConfigurationList section */
		22DC851F1AC1E6D200EE955F /* Build configuration list for PBXProject "TripListP1" */ = {
			isa = XCConfigurationList;
			buildConfigurations = (
				22DC85451AC1E6D200EE955F /* Debug */,
				22DC85461AC1E6D200EE955F /* Release */,
			);
			defaultConfigurationIsVisible = 0;
			defaultConfigurationName = Release;
		};
		22DC85471AC1E6D200EE955F /* Build configuration list for PBXNativeTarget "TripListP1" */ = {
			isa = XCConfigurationList;
			buildConfigurations = (
				22DC85481AC1E6D200EE955F /* Debug */,
				22DC85491AC1E6D200EE955F /* Release */,
			);
			defaultConfigurationIsVisible = 0;
			defaultConfigurationName = Release;
		};
		22DC854A1AC1E6D200EE955F /* Build configuration list for PBXNativeTarget "TripListP1Tests" */ = {
			isa = XCConfigurationList;
			buildConfigurations = (
				22DC854B1AC1E6D200EE955F /* Debug */,
				22DC854C1AC1E6D200EE955F /* Release */,
			);
			defaultConfigurationIsVisible = 0;
			defaultConfigurationName = Release;
		};
/* End XCConfigurationList section */
	};
	rootObject = 22DC851C1AC1E6D200EE955F /* Project object */;
}
