// !$*UTF8*$!
{
	archiveVersion = 1;
	classes = {
	};
	objectVersion = 46;
	objects = {

/* Begin PBXBuildFile section */
		2211827C1AC8CD3D00724FC6 /* StoreListViewController.m in Sources */ = {isa = PBXBuildFile; fileRef = 2211827B1AC8CD3D00724FC6 /* StoreListViewController.m */; };
		2211827F1AC8D73B00724FC6 /* AddStoreViewController.m in Sources */ = {isa = PBXBuildFile; fileRef = 2211827E1AC8D73B00724FC6 /* AddStoreViewController.m */; };
		221182821AC8E33800724FC6 /* EditStoreViewController.m in Sources */ = {isa = PBXBuildFile; fileRef = 221182811AC8E33800724FC6 /* EditStoreViewController.m */; };
		225C40091ACA3D920010F4B5 /* TripList.m in Sources */ = {isa = PBXBuildFile; fileRef = 225C40081ACA3D920010F4B5 /* TripList.m */; };
		22992BB11AC90851009DD826 /* Trip.m in Sources */ = {isa = PBXBuildFile; fileRef = 22992BB01AC90851009DD826 /* Trip.m */; };
		22992BB31AC91EDC009DD826 /* CoreLocation.framework in Frameworks */ = {isa = PBXBuildFile; fileRef = 22992BB21AC91EDC009DD826 /* CoreLocation.framework */; };
		22DC852A1AC1E6D200EE955F /* main.m in Sources */ = {isa = PBXBuildFile; fileRef = 22DC85291AC1E6D200EE955F /* main.m */; };
		22DC852D1AC1E6D200EE955F /* AppDelegate.m in Sources */ = {isa = PBXBuildFile; fileRef = 22DC852C1AC1E6D200EE955F /* AppDelegate.m */; };
		22DC85301AC1E6D200EE955F /* TripListViewController.m in Sources */ = {isa = PBXBuildFile; fileRef = 22DC852F1AC1E6D200EE955F /* TripListViewController.m */; };
		22DC85331AC1E6D200EE955F /* Main.storyboard in Resources */ = {isa = PBXBuildFile; fileRef = 22DC85311AC1E6D200EE955F /* Main.storyboard */; };
		22DC85351AC1E6D200EE955F /* Images.xcassets in Resources */ = {isa = PBXBuildFile; fileRef = 22DC85341AC1E6D200EE955F /* Images.xcassets */; };
		22DC85381AC1E6D200EE955F /* LaunchScreen.xib in Resources */ = {isa = PBXBuildFile; fileRef = 22DC85361AC1E6D200EE955F /* LaunchScreen.xib */; };
		22DC85441AC1E6D200EE955F /* TripListP1Tests.m in Sources */ = {isa = PBXBuildFile; fileRef = 22DC85431AC1E6D200EE955F /* TripListP1Tests.m */; };
		22FEFBC21AC4A9A2007A6ED5 /* AddTripViewController.m in Sources */ = {isa = PBXBuildFile; fileRef = 22FEFBC11AC4A9A2007A6ED5 /* AddTripViewController.m */; };
		91983A451AC7290F006EF534 /* StoreLocation.m in Sources */ = {isa = PBXBuildFile; fileRef = 91983A441AC7290F006EF534 /* StoreLocation.m */; };
		91983A491AC7471D006EF534 /* GroceryItem.m in Sources */ = {isa = PBXBuildFile; fileRef = 91983A481AC7471D006EF534 /* GroceryItem.m */; };
/* End PBXBuildFile section */

/* Begin PBXContainerItemProxy section */
		22DC853E1AC1E6D200EE955F /* PBXContainerItemProxy */ = {
			isa = PBXContainerItemProxy;
			containerPortal = 22DC851C1AC1E6D200EE955F /* Project object */;
			proxyType = 1;
			remoteGlobalIDString = 22DC85231AC1E6D200EE955F;
			remoteInfo = TripListP1;
		};
/* End PBXContainerItemProxy section */

/* Begin PBXFileReference section */
		2211827A1AC8CD3D00724FC6 /* StoreListViewController.h */ = {isa = PBXFileReference; fileEncoding = 4; lastKnownFileType = sourcecode.c.h; path = StoreListViewController.h; sourceTree = "<group>"; };
		2211827B1AC8CD3D00724FC6 /* StoreListViewController.m */ = {isa = PBXFileReference; fileEncoding = 4; lastKnownFileType = sourcecode.c.objc; path = StoreListViewController.m; sourceTree = "<group>"; };
		2211827D1AC8D73B00724FC6 /* AddStoreViewController.h */ = {isa = PBXFileReference; fileEncoding = 4; lastKnownFileType = sourcecode.c.h; path = AddStoreViewController.h; sourceTree = "<group>"; };
		2211827E1AC8D73B00724FC6 /* AddStoreViewController.m */ = {isa = PBXFileReference; fileEncoding = 4; lastKnownFileType = sourcecode.c.objc; path = AddStoreViewController.m; sourceTree = "<group>"; };
		221182801AC8E33800724FC6 /* EditStoreViewController.h */ = {isa = PBXFileReference; fileEncoding = 4; lastKnownFileType = sourcecode.c.h; path = EditStoreViewController.h; sourceTree = "<group>"; };
		221182811AC8E33800724FC6 /* EditStoreViewController.m */ = {isa = PBXFileReference; fileEncoding = 4; lastKnownFileType = sourcecode.c.objc; path = EditStoreViewController.m; sourceTree = "<group>"; };
		225C40071ACA3D920010F4B5 /* TripList.h */ = {isa = PBXFileReference; fileEncoding = 4; lastKnownFileType = sourcecode.c.h; path = TripList.h; sourceTree = "<group>"; };
		225C40081ACA3D920010F4B5 /* TripList.m */ = {isa = PBXFileReference; fileEncoding = 4; lastKnownFileType = sourcecode.c.objc; path = TripList.m; sourceTree = "<group>"; };
		22992BAF1AC90851009DD826 /* Trip.h */ = {isa = PBXFileReference; fileEncoding = 4; lastKnownFileType = sourcecode.c.h; path = Trip.h; sourceTree = "<group>"; };
		22992BB01AC90851009DD826 /* Trip.m */ = {isa = PBXFileReference; fileEncoding = 4; lastKnownFileType = sourcecode.c.objc; path = Trip.m; sourceTree = "<group>"; };
		22992BB21AC91EDC009DD826 /* CoreLocation.framework */ = {isa = PBXFileReference; lastKnownFileType = wrapper.framework; name = CoreLocation.framework; path = System/Library/Frameworks/CoreLocation.framework; sourceTree = SDKROOT; };
		22DC85241AC1E6D200EE955F /* TripListP1.app */ = {isa = PBXFileReference; explicitFileType = wrapper.application; includeInIndex = 0; path = TripListP1.app; sourceTree = BUILT_PRODUCTS_DIR; };
		22DC85281AC1E6D200EE955F /* Info.plist */ = {isa = PBXFileReference; lastKnownFileType = text.plist.xml; path = Info.plist; sourceTree = "<group>"; };
		22DC85291AC1E6D200EE955F /* main.m */ = {isa = PBXFileReference; lastKnownFileType = sourcecode.c.objc; path = main.m; sourceTree = "<group>"; };
		22DC852B1AC1E6D200EE955F /* AppDelegate.h */ = {isa = PBXFileReference; lastKnownFileType = sourcecode.c.h; path = AppDelegate.h; sourceTree = "<group>"; };
		22DC852C1AC1E6D200EE955F /* AppDelegate.m */ = {isa = PBXFileReference; lastKnownFileType = sourcecode.c.objc; path = AppDelegate.m; sourceTree = "<group>"; };
		22DC852E1AC1E6D200EE955F /* TripListViewController.h */ = {isa = PBXFileReference; lastKnownFileType = sourcecode.c.h; path = TripListViewController.h; sourceTree = "<group>"; };
		22DC852F1AC1E6D200EE955F /* TripListViewController.m */ = {isa = PBXFileReference; lastKnownFileType = sourcecode.c.objc; path = TripListViewController.m; sourceTree = "<group>"; };
		22DC85321AC1E6D200EE955F /* Base */ = {isa = PBXFileReference; lastKnownFileType = file.storyboard; name = Base; path = Base.lproj/Main.storyboard; sourceTree = "<group>"; };
		22DC85341AC1E6D200EE955F /* Images.xcassets */ = {isa = PBXFileReference; lastKnownFileType = folder.assetcatalog; path = Images.xcassets; sourceTree = "<group>"; };
		22DC85371AC1E6D200EE955F /* Base */ = {isa = PBXFileReference; lastKnownFileType = file.xib; name = Base; path = Base.lproj/LaunchScreen.xib; sourceTree = "<group>"; };
		22DC853D1AC1E6D200EE955F /* TripListP1Tests.xctest */ = {isa = PBXFileReference; explicitFileType = wrapper.cfbundle; includeInIndex = 0; path = TripListP1Tests.xctest; sourceTree = BUILT_PRODUCTS_DIR; };
		22DC85421AC1E6D200EE955F /* Info.plist */ = {isa = PBXFileReference; lastKnownFileType = text.plist.xml; path = Info.plist; sourceTree = "<group>"; };
		22DC85431AC1E6D200EE955F /* TripListP1Tests.m */ = {isa = PBXFileReference; lastKnownFileType = sourcecode.c.objc; path = TripListP1Tests.m; sourceTree = "<group>"; };
		22FEFBC01AC4A9A2007A6ED5 /* AddTripViewController.h */ = {isa = PBXFileReference; fileEncoding = 4; lastKnownFileType = sourcecode.c.h; path = AddTripViewController.h; sourceTree = "<group>"; };
		22FEFBC11AC4A9A2007A6ED5 /* AddTripViewController.m */ = {isa = PBXFileReference; fileEncoding = 4; lastKnownFileType = sourcecode.c.objc; path = AddTripViewController.m; sourceTree = "<group>"; };
		91983A441AC7290F006EF534 /* StoreLocation.m */ = {isa = PBXFileReference; fileEncoding = 4; lastKnownFileType = sourcecode.c.objc; path = StoreLocation.m; sourceTree = "<group>"; };
		91983A461AC7292F006EF534 /* StoreLocation.h */ = {isa = PBXFileReference; lastKnownFileType = sourcecode.c.h; path = StoreLocation.h; sourceTree = "<group>"; };
		91983A471AC7470E006EF534 /* GroceryItem.h */ = {isa = PBXFileReference; lastKnownFileType = sourcecode.c.h; path = GroceryItem.h; sourceTree = "<group>"; };
		91983A481AC7471D006EF534 /* GroceryItem.m */ = {isa = PBXFileReference; fileEncoding = 4; lastKnownFileType = sourcecode.c.objc; path = GroceryItem.m; sourceTree = "<group>"; };
/* End PBXFileReference section */

/* Begin PBXFrameworksBuildPhase section */
		22DC85211AC1E6D200EE955F /* Frameworks */ = {
			isa = PBXFrameworksBuildPhase;
			buildActionMask = 2147483647;
			files = (
				22992BB31AC91EDC009DD826 /* CoreLocation.framework in Frameworks */,
			);
			runOnlyForDeploymentPostprocessing = 0;
		};
		22DC853A1AC1E6D200EE955F /* Frameworks */ = {
			isa = PBXFrameworksBuildPhase;
			buildActionMask = 2147483647;
			files = (
			);
			runOnlyForDeploymentPostprocessing = 0;
		};
/* End PBXFrameworksBuildPhase section */

/* Begin PBXGroup section */
		22DC851B1AC1E6D200EE955F = {
			isa = PBXGroup;
			children = (
				22992BB21AC91EDC009DD826 /* CoreLocation.framework */,
				22DC85261AC1E6D200EE955F /* TripListP1 */,
				22DC85401AC1E6D200EE955F /* TripListP1Tests */,
				22DC85251AC1E6D200EE955F /* Products */,
			);
			sourceTree = "<group>";
		};
		22DC85251AC1E6D200EE955F /* Products */ = {
			isa = PBXGroup;
			children = (
				22DC85241AC1E6D200EE955F /* TripListP1.app */,
				22DC853D1AC1E6D200EE955F /* TripListP1Tests.xctest */,
			);
			name = Products;
			sourceTree = "<group>";
		};
		22DC85261AC1E6D200EE955F /* TripListP1 */ = {
			isa = PBXGroup;
			children = (
				22DC852B1AC1E6D200EE955F /* AppDelegate.h */,
				22DC852C1AC1E6D200EE955F /* AppDelegate.m */,
				22DC852E1AC1E6D200EE955F /* TripListViewController.h */,
				22DC852F1AC1E6D200EE955F /* TripListViewController.m */,
				22FEFBC01AC4A9A2007A6ED5 /* AddTripViewController.h */,
				22FEFBC11AC4A9A2007A6ED5 /* AddTripViewController.m */,
				22DC85311AC1E6D200EE955F /* Main.storyboard */,
				221182801AC8E33800724FC6 /* EditStoreViewController.h */,
				221182811AC8E33800724FC6 /* EditStoreViewController.m */,
				225C40071ACA3D920010F4B5 /* TripList.h */,
				225C40081ACA3D920010F4B5 /* TripList.m */,
				2211827D1AC8D73B00724FC6 /* AddStoreViewController.h */,
				2211827E1AC8D73B00724FC6 /* AddStoreViewController.m */,
				2211827A1AC8CD3D00724FC6 /* StoreListViewController.h */,
				2211827B1AC8CD3D00724FC6 /* StoreListViewController.m */,
				22DC85341AC1E6D200EE955F /* Images.xcassets */,
				22DC85361AC1E6D200EE955F /* LaunchScreen.xib */,
				91983A461AC7292F006EF534 /* StoreLocation.h */,
				91983A441AC7290F006EF534 /* StoreLocation.m */,
				22992BAF1AC90851009DD826 /* Trip.h */,
				22992BB01AC90851009DD826 /* Trip.m */,
				91983A471AC7470E006EF534 /* GroceryItem.h */,
				91983A481AC7471D006EF534 /* GroceryItem.m */,
				22DC85271AC1E6D200EE955F /* Supporting Files */,
			);
			path = TripListP1;
			sourceTree = "<group>";
		};
		22DC85271AC1E6D200EE955F /* Supporting Files */ = {
			isa = PBXGroup;
			children = (
				22DC85281AC1E6D200EE955F /* Info.plist */,
				22DC85291AC1E6D200EE955F /* main.m */,
			);
			name = "Supporting Files";
			sourceTree = "<group>";
		};
		22DC85401AC1E6D200EE955F /* TripListP1Tests */ = {
			isa = PBXGroup;
			children = (
				22DC85431AC1E6D200EE955F /* TripListP1Tests.m */,
				22DC85411AC1E6D200EE955F /* Supporting Files */,
			);
			path = TripListP1Tests;
			sourceTree = "<group>";
		};
		22DC85411AC1E6D200EE955F /* Supporting Files */ = {
			isa = PBXGroup;
			children = (
				22DC85421AC1E6D200EE955F /* Info.plist */,
			);
			name = "Supporting Files";
			sourceTree = "<group>";
		};
/* End PBXGroup section */

/* Begin PBXNativeTarget section */
		22DC85231AC1E6D200EE955F /* TripListP1 */ = {
			isa = PBXNativeTarget;
			buildConfigurationList = 22DC85471AC1E6D200EE955F /* Build configuration list for PBXNativeTarget "TripListP1" */;
			buildPhases = (
				22DC85201AC1E6D200EE955F /* Sources */,
				22DC85211AC1E6D200EE955F /* Frameworks */,
				22DC85221AC1E6D200EE955F /* Resources */,
			);
			buildRules = (
			);
			dependencies = (
			);
			name = TripListP1;
			productName = TripListP1;
			productReference = 22DC85241AC1E6D200EE955F /* TripListP1.app */;
			productType = "com.apple.product-type.application";
		};
		22DC853C1AC1E6D200EE955F /* TripListP1Tests */ = {
			isa = PBXNativeTarget;
			buildConfigurationList = 22DC854A1AC1E6D200EE955F /* Build configuration list for PBXNativeTarget "TripListP1Tests" */;
			buildPhases = (
				22DC85391AC1E6D200EE955F /* Sources */,
				22DC853A1AC1E6D200EE955F /* Frameworks */,
				22DC853B1AC1E6D200EE955F /* Resources */,
			);
			buildRules = (
			);
			dependencies = (
				22DC853F1AC1E6D200EE955F /* PBXTargetDependency */,
			);
			name = TripListP1Tests;
			productName = TripListP1Tests;
			productReference = 22DC853D1AC1E6D200EE955F /* TripListP1Tests.xctest */;
			productType = "com.apple.product-type.bundle.unit-test";
		};
/* End PBXNativeTarget section */

/* Begin PBXProject section */
		22DC851C1AC1E6D200EE955F /* Project object */ = {
			isa = PBXProject;
			attributes = {
				LastUpgradeCheck = 0610;
				ORGANIZATIONNAME = "CSE 394";
				TargetAttributes = {
					22DC85231AC1E6D200EE955F = {
						CreatedOnToolsVersion = 6.1.1;
					};
					22DC853C1AC1E6D200EE955F = {
						CreatedOnToolsVersion = 6.1.1;
						TestTargetID = 22DC85231AC1E6D200EE955F;
					};
				};
			};
			buildConfigurationList = 22DC851F1AC1E6D200EE955F /* Build configuration list for PBXProject "TripListP1" */;
			compatibilityVersion = "Xcode 3.2";
			developmentRegion = English;
			hasScannedForEncodings = 0;
			knownRegions = (
				en,
				Base,
			);
			mainGroup = 22DC851B1AC1E6D200EE955F;
			productRefGroup = 22DC85251AC1E6D200EE955F /* Products */;
			projectDirPath = "";
			projectRoot = "";
			targets = (
				22DC85231AC1E6D200EE955F /* TripListP1 */,
				22DC853C1AC1E6D200EE955F /* TripListP1Tests */,
			);
		};
/* End PBXProject section */

/* Begin PBXResourcesBuildPhase section */
		22DC85221AC1E6D200EE955F /* Resources */ = {
			isa = PBXResourcesBuildPhase;
			buildActionMask = 2147483647;
			files = (
				22DC85331AC1E6D200EE955F /* Main.storyboard in Resources */,
				22DC85381AC1E6D200EE955F /* LaunchScreen.xib in Resources */,
				22DC85351AC1E6D200EE955F /* Images.xcassets in Resources */,
			);
			runOnlyForDeploymentPostprocessing = 0;
		};
		22DC853B1AC1E6D200EE955F /* Resources */ = {
			isa = PBXResourcesBuildPhase;
			buildActionMask = 2147483647;
			files = (
			);
			runOnlyForDeploymentPostprocessing = 0;
		};
/* End PBXResourcesBuildPhase section */

/* Begin PBXSourcesBuildPhase section */
		22DC85201AC1E6D200EE955F /* Sources */ = {
			isa = PBXSourcesBuildPhase;
			buildActionMask = 2147483647;
			files = (
				2211827F1AC8D73B00724FC6 /* AddStoreViewController.m in Sources */,
				22DC85301AC1E6D200EE955F /* TripListViewController.m in Sources */,
				91983A451AC7290F006EF534 /* StoreLocation.m in Sources */,
				22FEFBC21AC4A9A2007A6ED5 /* AddTripViewController.m in Sources */,
				2211827C1AC8CD3D00724FC6 /* StoreListViewController.m in Sources */,
				225C40091ACA3D920010F4B5 /* TripList.m in Sources */,
				22992BB11AC90851009DD826 /* Trip.m in Sources */,
				221182821AC8E33800724FC6 /* EditStoreViewController.m in Sources */,
				22DC852D1AC1E6D200EE955F /* AppDelegate.m in Sources */,
				22DC852A1AC1E6D200EE955F /* main.m in Sources */,
				91983A491AC7471D006EF534 /* GroceryItem.m in Sources */,
			);
			runOnlyForDeploymentPostprocessing = 0;
		};
		22DC85391AC1E6D200EE955F /* Sources */ = {
			isa = PBXSourcesBuildPhase;
			buildActionMask = 2147483647;
			files = (
				22DC85441AC1E6D200EE955F /* TripListP1Tests.m in Sources */,
			);
			runOnlyForDeploymentPostprocessing = 0;
		};
/* End PBXSourcesBuildPhase section */

/* Begin PBXTargetDependency section */
		22DC853F1AC1E6D200EE955F /* PBXTargetDependency */ = {
			isa = PBXTargetDependency;
			target = 22DC85231AC1E6D200EE955F /* TripListP1 */;
			targetProxy = 22DC853E1AC1E6D200EE955F /* PBXContainerItemProxy */;
		};
/* End PBXTargetDependency section */

/* Begin PBXVariantGroup section */
		22DC85311AC1E6D200EE955F /* Main.storyboard */ = {
			isa = PBXVariantGroup;
			children = (
				22DC85321AC1E6D200EE955F /* Base */,
			);
			name = Main.storyboard;
			sourceTree = "<group>";
		};
		22DC85361AC1E6D200EE955F /* LaunchScreen.xib */ = {
			isa = PBXVariantGroup;
			children = (
				22DC85371AC1E6D200EE955F /* Base */,
			);
			name = LaunchScreen.xib;
			sourceTree = "<group>";
		};
/* End PBXVariantGroup section */

/* Begin XCBuildConfiguration section */
		22DC85451AC1E6D200EE955F /* Debug */ = {
			isa = XCBuildConfiguration;
			buildSettings = {
				ALWAYS_SEARCH_USER_PATHS = NO;
				CLANG_CXX_LANGUAGE_STANDARD = "gnu++0x";
				CLANG_CXX_LIBRARY = "libc++";
				CLANG_ENABLE_MODULES = YES;
				CLANG_ENABLE_OBJC_ARC = YES;
				CLANG_WARN_BOOL_CONVERSION = YES;
				CLANG_WARN_CONSTANT_CONVERSION = YES;
				CLANG_WARN_DIRECT_OBJC_ISA_USAGE = YES_ERROR;
				CLANG_WARN_EMPTY_BODY = YES;
				CLANG_WARN_ENUM_CONVERSION = YES;
				CLANG_WARN_INT_CONVERSION = YES;
				CLANG_WARN_OBJC_ROOT_CLASS = YES_ERROR;
				CLANG_WARN_UNREACHABLE_CODE = YES;
				CLANG_WARN__DUPLICATE_METHOD_MATCH = YES;
				"CODE_SIGN_IDENTITY[sdk=iphoneos*]" = "iPhone Developer";
				COPY_PHASE_STRIP = NO;
				ENABLE_STRICT_OBJC_MSGSEND = YES;
				GCC_C_LANGUAGE_STANDARD = gnu99;
				GCC_DYNAMIC_NO_PIC = NO;
				GCC_OPTIMIZATION_LEVEL = 0;
				GCC_PREPROCESSOR_DEFINITIONS = (
					"DEBUG=1",
					"$(inherited)",
				);
				GCC_SYMBOLS_PRIVATE_EXTERN = NO;
				GCC_WARN_64_TO_32_BIT_CONVERSION = YES;
				GCC_WARN_ABOUT_RETURN_TYPE = YES_ERROR;
				GCC_WARN_UNDECLARED_SELECTOR = YES;
				GCC_WARN_UNINITIALIZED_AUTOS = YES_AGGRESSIVE;
				GCC_WARN_UNUSED_FUNCTION = YES;
				GCC_WARN_UNUSED_VARIABLE = YES;
				IPHONEOS_DEPLOYMENT_TARGET = 8.1;
				MTL_ENABLE_DEBUG_INFO = YES;
				ONLY_ACTIVE_ARCH = YES;
				SDKROOT = iphoneos;
			};
			name = Debug;
		};
		22DC85461AC1E6D200EE955F /* Release */ = {
			isa = XCBuildConfiguration;
			buildSettings = {
				ALWAYS_SEARCH_USER_PATHS = NO;
				CLANG_CXX_LANGUAGE_STANDARD = "gnu++0x";
				CLANG_CXX_LIBRARY = "libc++";
				CLANG_ENABLE_MODULES = YES;
				CLANG_ENABLE_OBJC_ARC = YES;
				CLANG_WARN_BOOL_CONVERSION = YES;
				CLANG_WARN_CONSTANT_CONVERSION = YES;
				CLANG_WARN_DIRECT_OBJC_ISA_USAGE = YES_ERROR;
				CLANG_WARN_EMPTY_BODY = YES;
				CLANG_WARN_ENUM_CONVERSION = YES;
				CLANG_WARN_INT_CONVERSION = YES;
				CLANG_WARN_OBJC_ROOT_CLASS = YES_ERROR;
				CLANG_WARN_UNREACHABLE_CODE = YES;
				CLANG_WARN__DUPLICATE_METHOD_MATCH = YES;
				"CODE_SIGN_IDENTITY[sdk=iphoneos*]" = "iPhone Developer";
				COPY_PHASE_STRIP = YES;
				ENABLE_NS_ASSERTIONS = NO;
				ENABLE_STRICT_OBJC_MSGSEND = YES;
				GCC_C_LANGUAGE_STANDARD = gnu99;
				GCC_WARN_64_TO_32_BIT_CONVERSION = YES;
				GCC_WARN_ABOUT_RETURN_TYPE = YES_ERROR;
				GCC_WARN_UNDECLARED_SELECTOR = YES;
				GCC_WARN_UNINITIALIZED_AUTOS = YES_AGGRESSIVE;
				GCC_WARN_UNUSED_FUNCTION = YES;
				GCC_WARN_UNUSED_VARIABLE = YES;
				IPHONEOS_DEPLOYMENT_TARGET = 8.1;
				MTL_ENABLE_DEBUG_INFO = NO;
				SDKROOT = iphoneos;
				VALIDATE_PRODUCT = YES;
			};
			name = Release;
		};
		22DC85481AC1E6D200EE955F /* Debug */ = {
			isa = XCBuildConfiguration;
			buildSettings = {
				ASSETCATALOG_COMPILER_APPICON_NAME = AppIcon;
				INFOPLIST_FILE = TripListP1/Info.plist;
				LD_RUNPATH_SEARCH_PATHS = "$(inherited) @executable_path/Frameworks";
				PRODUCT_NAME = "$(TARGET_NAME)";
			};
			name = Debug;
		};
		22DC85491AC1E6D200EE955F /* Release */ = {
			isa = XCBuildConfiguration;
			buildSettings = {
				ASSETCATALOG_COMPILER_APPICON_NAME = AppIcon;
				INFOPLIST_FILE = TripListP1/Info.plist;
				LD_RUNPATH_SEARCH_PATHS = "$(inherited) @executable_path/Frameworks";
				PRODUCT_NAME = "$(TARGET_NAME)";
			};
			name = Release;
		};
		22DC854B1AC1E6D200EE955F /* Debug */ = {
			isa = XCBuildConfiguration;
			buildSettings = {
				BUNDLE_LOADER = "$(TEST_HOST)";
				FRAMEWORK_SEARCH_PATHS = (
					"$(SDKROOT)/Developer/Library/Frameworks",
					"$(inherited)",
				);
				GCC_PREPROCESSOR_DEFINITIONS = (
					"DEBUG=1",
					"$(inherited)",
				);
				INFOPLIST_FILE = TripListP1Tests/Info.plist;
				LD_RUNPATH_SEARCH_PATHS = "$(inherited) @executable_path/Frameworks @loader_path/Frameworks";
				PRODUCT_NAME = "$(TARGET_NAME)";
				TEST_HOST = "$(BUILT_PRODUCTS_DIR)/TripListP1.app/TripListP1";
			};
			name = Debug;
		};
		22DC854C1AC1E6D200EE955F /* Release */ = {
			isa = XCBuildConfiguration;
			buildSettings = {
				BUNDLE_LOADER = "$(TEST_HOST)";
				FRAMEWORK_SEARCH_PATHS = (
					"$(SDKROOT)/Developer/Library/Frameworks",
					"$(inherited)",
				);
				INFOPLIST_FILE = TripListP1Tests/Info.plist;
				LD_RUNPATH_SEARCH_PATHS = "$(inherited) @executable_path/Frameworks @loader_path/Frameworks";
				PRODUCT_NAME = "$(TARGET_NAME)";
				TEST_HOST = "$(BUILT_PRODUCTS_DIR)/TripListP1.app/TripListP1";
			};
			name = Release;
		};
/* End XCBuildConfiguration section */

/* Begin XCConfigurationList section */
		22DC851F1AC1E6D200EE955F /* Build configuration list for PBXProject "TripListP1" */ = {
			isa = XCConfigurationList;
			buildConfigurations = (
				22DC85451AC1E6D200EE955F /* Debug */,
				22DC85461AC1E6D200EE955F /* Release */,
			);
			defaultConfigurationIsVisible = 0;
			defaultConfigurationName = Release;
		};
		22DC85471AC1E6D200EE955F /* Build configuration list for PBXNativeTarget "TripListP1" */ = {
			isa = XCConfigurationList;
			buildConfigurations = (
				22DC85481AC1E6D200EE955F /* Debug */,
				22DC85491AC1E6D200EE955F /* Release */,
			);
			defaultConfigurationIsVisible = 0;
			defaultConfigurationName = Release;
		};
		22DC854A1AC1E6D200EE955F /* Build configuration list for PBXNativeTarget "TripListP1Tests" */ = {
			isa = XCConfigurationList;
			buildConfigurations = (
				22DC854B1AC1E6D200EE955F /* Debug */,
				22DC854C1AC1E6D200EE955F /* Release */,
			);
			defaultConfigurationIsVisible = 0;
			defaultConfigurationName = Release;
		};
/* End XCConfigurationList section */
	};
	rootObject = 22DC851C1AC1E6D200EE955F /* Project object */;
}
